hash: a3afcc38fb376c197d4b0ee9f52ce5674abf5df9d7bdfc74e9771ff1b93638ec
updated: 2016-08-10T21:12:29.302037324+09:00
imports:
- name: github.com/golang/snappy
  version: d9eb7a3d35ec988b8585d4a0068e462c27d28380
- name: github.com/pkg/errors
  version: a22138067af1c4942683050411a841ade67fe1eb
- name: github.com/syndtr/goleveldb
  version: ab8b5dcf1042e818ab68e770d465112a899b668e
  subpackages:
  - leveldb
  - leveldb/cache
  - leveldb/comparer
  - leveldb/errors
  - leveldb/filter
  - leveldb/iterator
  - leveldb/journal
  - leveldb/memdb
  - leveldb/opt
  - leveldb/storage
  - leveldb/table
  - leveldb/util
- name: golang.org/x/net
  version: 075e191f18186a8ff2becaf64478e30f4545cdad
  subpackages:
  - html
  - html/atom
- name: golang.org/x/text
  version: 2910a502d2bf9e43193af9d68ca516529614eed3
  subpackages:
  - transform
  - encoding/japanese
  - encoding
  - encoding/internal
  - encoding/internal/identifier
devImports: []
